// !$*UTF8*$!
{
	archiveVersion = 1;
	classes = {
	};
	objectVersion = 50;
	objects = {

/* Begin PBXBuildFile section */
		701DC4022540161300A52FD2 /* AppDelegate.swift in Sources */ = {isa = PBXBuildFile; fileRef = 701DC4012540161300A52FD2 /* AppDelegate.swift */; };
		701DC4062540161300A52FD2 /* ViewController.swift in Sources */ = {isa = PBXBuildFile; fileRef = 701DC4052540161300A52FD2 /* ViewController.swift */; };
		701DC4092540161300A52FD2 /* Main.storyboard in Resources */ = {isa = PBXBuildFile; fileRef = 701DC4072540161300A52FD2 /* Main.storyboard */; };
		701DC40B2540161800A52FD2 /* Assets.xcassets in Resources */ = {isa = PBXBuildFile; fileRef = 701DC40A2540161800A52FD2 /* Assets.xcassets */; };
		701DC40E2540161800A52FD2 /* LaunchScreen.storyboard in Resources */ = {isa = PBXBuildFile; fileRef = 701DC40C2540161800A52FD2 /* LaunchScreen.storyboard */; };
		701DC4192540161900A52FD2 /* LZCameraReferenceLineDemoTests.swift in Sources */ = {isa = PBXBuildFile; fileRef = 701DC4182540161900A52FD2 /* LZCameraReferenceLineDemoTests.swift */; };
		701DC4242540161900A52FD2 /* LZCameraReferenceLineDemoUITests.swift in Sources */ = {isa = PBXBuildFile; fileRef = 701DC4232540161900A52FD2 /* LZCameraReferenceLineDemoUITests.swift */; };
		701DC4352540165900A52FD2 /* ReferenceLineView.swift in Sources */ = {isa = PBXBuildFile; fileRef = 701DC4342540165900A52FD2 /* ReferenceLineView.swift */; };
/* End PBXBuildFile section */

/* Begin PBXContainerItemProxy section */
		701DC4152540161900A52FD2 /* PBXContainerItemProxy */ = {
			isa = PBXContainerItemProxy;
			containerPortal = 701DC3F62540161200A52FD2 /* Project object */;
			proxyType = 1;
			remoteGlobalIDString = 701DC3FD2540161300A52FD2;
			remoteInfo = LZCameraReferenceLineDemo;
		};
		701DC4202540161900A52FD2 /* PBXContainerItemProxy */ = {
			isa = PBXContainerItemProxy;
			containerPortal = 701DC3F62540161200A52FD2 /* Project object */;
			proxyType = 1;
			remoteGlobalIDString = 701DC3FD2540161300A52FD2;
			remoteInfo = LZCameraReferenceLineDemo;
		};
/* End PBXContainerItemProxy section */

/* Begin PBXFileReference section */
		701DC3FE2540161300A52FD2 /* LZCameraReferenceLineDemo.app */ = {isa = PBXFileReference; explicitFileType = wrapper.application; includeInIndex = 0; path = LZCameraReferenceLineDemo.app; sourceTree = BUILT_PRODUCTS_DIR; };
		701DC4012540161300A52FD2 /* AppDelegate.swift */ = {isa = PBXFileReference; lastKnownFileType = sourcecode.swift; path = AppDelegate.swift; sourceTree = "<group>"; };
		701DC4052540161300A52FD2 /* ViewController.swift */ = {isa = PBXFileReference; lastKnownFileType = sourcecode.swift; path = ViewController.swift; sourceTree = "<group>"; };
		701DC4082540161300A52FD2 /* Base */ = {isa = PBXFileReference; lastKnownFileType = file.storyboard; name = Base; path = Base.lproj/Main.storyboard; sourceTree = "<group>"; };
		701DC40A2540161800A52FD2 /* Assets.xcassets */ = {isa = PBXFileReference; lastKnownFileType = folder.assetcatalog; path = Assets.xcassets; sourceTree = "<group>"; };
		701DC40D2540161800A52FD2 /* Base */ = {isa = PBXFileReference; lastKnownFileType = file.storyboard; name = Base; path = Base.lproj/LaunchScreen.storyboard; sourceTree = "<group>"; };
		701DC40F2540161800A52FD2 /* Info.plist */ = {isa = PBXFileReference; lastKnownFileType = text.plist.xml; path = Info.plist; sourceTree = "<group>"; };
		701DC4142540161900A52FD2 /* LZCameraReferenceLineDemoTests.xctest */ = {isa = PBXFileReference; explicitFileType = wrapper.cfbundle; includeInIndex = 0; path = LZCameraReferenceLineDemoTests.xctest; sourceTree = BUILT_PRODUCTS_DIR; };
		701DC4182540161900A52FD2 /* LZCameraReferenceLineDemoTests.swift */ = {isa = PBXFileReference; lastKnownFileType = sourcecode.swift; path = LZCameraReferenceLineDemoTests.swift; sourceTree = "<group>"; };
		701DC41A2540161900A52FD2 /* Info.plist */ = {isa = PBXFileReference; lastKnownFileType = text.plist.xml; path = Info.plist; sourceTree = "<group>"; };
		701DC41F2540161900A52FD2 /* LZCameraReferenceLineDemoUITests.xctest */ = {isa = PBXFileReference; explicitFileType = wrapper.cfbundle; includeInIndex = 0; path = LZCameraReferenceLineDemoUITests.xctest; sourceTree = BUILT_PRODUCTS_DIR; };
		701DC4232540161900A52FD2 /* LZCameraReferenceLineDemoUITests.swift */ = {isa = PBXFileReference; lastKnownFileType = sourcecode.swift; path = LZCameraReferenceLineDemoUITests.swift; sourceTree = "<group>"; };
		701DC4252540161900A52FD2 /* Info.plist */ = {isa = PBXFileReference; lastKnownFileType = text.plist.xml; path = Info.plist; sourceTree = "<group>"; };
		701DC4342540165900A52FD2 /* ReferenceLineView.swift */ = {isa = PBXFileReference; lastKnownFileType = sourcecode.swift; path = ReferenceLineView.swift; sourceTree = "<group>"; };
/* End PBXFileReference section */

/* Begin PBXFrameworksBuildPhase section */
		701DC3FB2540161300A52FD2 /* Frameworks */ = {
			isa = PBXFrameworksBuildPhase;
			buildActionMask = 2147483647;
			files = (
			);
			runOnlyForDeploymentPostprocessing = 0;
		};
		701DC4112540161900A52FD2 /* Frameworks */ = {
			isa = PBXFrameworksBuildPhase;
			buildActionMask = 2147483647;
			files = (
			);
			runOnlyForDeploymentPostprocessing = 0;
		};
		701DC41C2540161900A52FD2 /* Frameworks */ = {
			isa = PBXFrameworksBuildPhase;
			buildActionMask = 2147483647;
			files = (
			);
			runOnlyForDeploymentPostprocessing = 0;
		};
/* End PBXFrameworksBuildPhase section */

/* Begin PBXGroup section */
		701DC3F52540161200A52FD2 = {
			isa = PBXGroup;
			children = (
				701DC4002540161300A52FD2 /* LZCameraReferenceLineDemo */,
				701DC4172540161900A52FD2 /* LZCameraReferenceLineDemoTests */,
				701DC4222540161900A52FD2 /* LZCameraReferenceLineDemoUITests */,
				701DC3FF2540161300A52FD2 /* Products */,
			);
			sourceTree = "<group>";
		};
		701DC3FF2540161300A52FD2 /* Products */ = {
			isa = PBXGroup;
			children = (
				701DC3FE2540161300A52FD2 /* LZCameraReferenceLineDemo.app */,
				701DC4142540161900A52FD2 /* LZCameraReferenceLineDemoTests.xctest */,
				701DC41F2540161900A52FD2 /* LZCameraReferenceLineDemoUITests.xctest */,
			);
			name = Products;
			sourceTree = "<group>";
		};
		701DC4002540161300A52FD2 /* LZCameraReferenceLineDemo */ = {
			isa = PBXGroup;
			children = (
				701DC4012540161300A52FD2 /* AppDelegate.swift */,
				701DC4052540161300A52FD2 /* ViewController.swift */,
				701DC4072540161300A52FD2 /* Main.storyboard */,
				701DC40A2540161800A52FD2 /* Assets.xcassets */,
				701DC40C2540161800A52FD2 /* LaunchScreen.storyboard */,
				701DC40F2540161800A52FD2 /* Info.plist */,
				701DC4342540165900A52FD2 /* ReferenceLineView.swift */,
			);
			path = LZCameraReferenceLineDemo;
			sourceTree = "<group>";
		};
		701DC4172540161900A52FD2 /* LZCameraReferenceLineDemoTests */ = {
			isa = PBXGroup;
			children = (
				701DC4182540161900A52FD2 /* LZCameraReferenceLineDemoTests.swift */,
				701DC41A2540161900A52FD2 /* Info.plist */,
			);
			path = LZCameraReferenceLineDemoTests;
			sourceTree = "<group>";
		};
		701DC4222540161900A52FD2 /* LZCameraReferenceLineDemoUITests */ = {
			isa = PBXGroup;
			children = (
				701DC4232540161900A52FD2 /* LZCameraReferenceLineDemoUITests.swift */,
				701DC4252540161900A52FD2 /* Info.plist */,
			);
			path = LZCameraReferenceLineDemoUITests;
			sourceTree = "<group>";
		};
/* End PBXGroup section */

/* Begin PBXNativeTarget section */
		701DC3FD2540161300A52FD2 /* LZCameraReferenceLineDemo */ = {
			isa = PBXNativeTarget;
			buildConfigurationList = 701DC4282540161900A52FD2 /* Build configuration list for PBXNativeTarget "LZCameraReferenceLineDemo" */;
			buildPhases = (
				701DC3FA2540161300A52FD2 /* Sources */,
				701DC3FB2540161300A52FD2 /* Frameworks */,
				701DC3FC2540161300A52FD2 /* Resources */,
			);
			buildRules = (
			);
			dependencies = (
			);
			name = LZCameraReferenceLineDemo;
			productName = LZCameraReferenceLineDemo;
			productReference = 701DC3FE2540161300A52FD2 /* LZCameraReferenceLineDemo.app */;
			productType = "com.apple.product-type.application";
		};
		701DC4132540161900A52FD2 /* LZCameraReferenceLineDemoTests */ = {
			isa = PBXNativeTarget;
			buildConfigurationList = 701DC42B2540161900A52FD2 /* Build configuration list for PBXNativeTarget "LZCameraReferenceLineDemoTests" */;
			buildPhases = (
				701DC4102540161900A52FD2 /* Sources */,
				701DC4112540161900A52FD2 /* Frameworks */,
				701DC4122540161900A52FD2 /* Resources */,
			);
			buildRules = (
			);
			dependencies = (
				701DC4162540161900A52FD2 /* PBXTargetDependency */,
			);
			name = LZCameraReferenceLineDemoTests;
			productName = LZCameraReferenceLineDemoTests;
			productReference = 701DC4142540161900A52FD2 /* LZCameraReferenceLineDemoTests.xctest */;
			productType = "com.apple.product-type.bundle.unit-test";
		};
		701DC41E2540161900A52FD2 /* LZCameraReferenceLineDemoUITests */ = {
			isa = PBXNativeTarget;
			buildConfigurationList = 701DC42E2540161900A52FD2 /* Build configuration list for PBXNativeTarget "LZCameraReferenceLineDemoUITests" */;
			buildPhases = (
				701DC41B2540161900A52FD2 /* Sources */,
				701DC41C2540161900A52FD2 /* Frameworks */,
				701DC41D2540161900A52FD2 /* Resources */,
			);
			buildRules = (
			);
			dependencies = (
				701DC4212540161900A52FD2 /* PBXTargetDependency */,
			);
			name = LZCameraReferenceLineDemoUITests;
			productName = LZCameraReferenceLineDemoUITests;
			productReference = 701DC41F2540161900A52FD2 /* LZCameraReferenceLineDemoUITests.xctest */;
			productType = "com.apple.product-type.bundle.ui-testing";
		};
/* End PBXNativeTarget section */

/* Begin PBXProject section */
		701DC3F62540161200A52FD2 /* Project object */ = {
			isa = PBXProject;
			attributes = {
				LastSwiftUpdateCheck = 1200;
				LastUpgradeCheck = 1200;
				TargetAttributes = {
					701DC3FD2540161300A52FD2 = {
						CreatedOnToolsVersion = 12.0;
					};
					701DC4132540161900A52FD2 = {
						CreatedOnToolsVersion = 12.0;
						TestTargetID = 701DC3FD2540161300A52FD2;
					};
					701DC41E2540161900A52FD2 = {
						CreatedOnToolsVersion = 12.0;
						TestTargetID = 701DC3FD2540161300A52FD2;
					};
				};
			};
			buildConfigurationList = 701DC3F92540161300A52FD2 /* Build configuration list for PBXProject "LZCameraReferenceLineDemo" */;
			compatibilityVersion = "Xcode 9.3";
			developmentRegion = en;
			hasScannedForEncodings = 0;
			knownRegions = (
				en,
				Base,
			);
			mainGroup = 701DC3F52540161200A52FD2;
			productRefGroup = 701DC3FF2540161300A52FD2 /* Products */;
			projectDirPath = "";
			projectRoot = "";
			targets = (
				701DC3FD2540161300A52FD2 /* LZCameraReferenceLineDemo */,
				701DC4132540161900A52FD2 /* LZCameraReferenceLineDemoTests */,
				701DC41E2540161900A52FD2 /* LZCameraReferenceLineDemoUITests */,
			);
		};
/* End PBXProject section */

/* Begin PBXResourcesBuildPhase section */
		701DC3FC2540161300A52FD2 /* Resources */ = {
			isa = PBXResourcesBuildPhase;
			buildActionMask = 2147483647;
			files = (
				701DC40E2540161800A52FD2 /* LaunchScreen.storyboard in Resources */,
				701DC40B2540161800A52FD2 /* Assets.xcassets in Resources */,
				701DC4092540161300A52FD2 /* Main.storyboard in Resources */,
			);
			runOnlyForDeploymentPostprocessing = 0;
		};
		701DC4122540161900A52FD2 /* Resources */ = {
			isa = PBXResourcesBuildPhase;
			buildActionMask = 2147483647;
			files = (
			);
			runOnlyForDeploymentPostprocessing = 0;
		};
		701DC41D2540161900A52FD2 /* Resources */ = {
			isa = PBXResourcesBuildPhase;
			buildActionMask = 2147483647;
			files = (
			);
			runOnlyForDeploymentPostprocessing = 0;
		};
/* End PBXResourcesBuildPhase section */

/* Begin PBXSourcesBuildPhase section */
		701DC3FA2540161300A52FD2 /* Sources */ = {
			isa = PBXSourcesBuildPhase;
			buildActionMask = 2147483647;
			files = (
				701DC4352540165900A52FD2 /* ReferenceLineView.swift in Sources */,
				701DC4062540161300A52FD2 /* ViewController.swift in Sources */,
				701DC4022540161300A52FD2 /* AppDelegate.swift in Sources */,
			);
			runOnlyForDeploymentPostprocessing = 0;
		};
		701DC4102540161900A52FD2 /* Sources */ = {
			isa = PBXSourcesBuildPhase;
			buildActionMask = 2147483647;
			files = (
				701DC4192540161900A52FD2 /* LZCameraReferenceLineDemoTests.swift in Sources */,
			);
			runOnlyForDeploymentPostprocessing = 0;
		};
		701DC41B2540161900A52FD2 /* Sources */ = {
			isa = PBXSourcesBuildPhase;
			buildActionMask = 2147483647;
			files = (
				701DC4242540161900A52FD2 /* LZCameraReferenceLineDemoUITests.swift in Sources */,
			);
			runOnlyForDeploymentPostprocessing = 0;
		};
/* End PBXSourcesBuildPhase section */

/* Begin PBXTargetDependency section */
		701DC4162540161900A52FD2 /* PBXTargetDependency */ = {
			isa = PBXTargetDependency;
			target = 701DC3FD2540161300A52FD2 /* LZCameraReferenceLineDemo */;
			targetProxy = 701DC4152540161900A52FD2 /* PBXContainerItemProxy */;
		};
		701DC4212540161900A52FD2 /* PBXTargetDependency */ = {
			isa = PBXTargetDependency;
			target = 701DC3FD2540161300A52FD2 /* LZCameraReferenceLineDemo */;
			targetProxy = 701DC4202540161900A52FD2 /* PBXContainerItemProxy */;
		};
/* End PBXTargetDependency section */

/* Begin PBXVariantGroup section */
		701DC4072540161300A52FD2 /* Main.storyboard */ = {
			isa = PBXVariantGroup;
			children = (
				701DC4082540161300A52FD2 /* Base */,
			);
			name = Main.storyboard;
			sourceTree = "<group>";
		};
		701DC40C2540161800A52FD2 /* LaunchScreen.storyboard */ = {
			isa = PBXVariantGroup;
			children = (
				701DC40D2540161800A52FD2 /* Base */,
			);
			name = LaunchScreen.storyboard;
			sourceTree = "<group>";
		};
/* End PBXVariantGroup section */

/* Begin XCBuildConfiguration section */
		701DC4262540161900A52FD2 /* Debug */ = {
			isa = XCBuildConfiguration;
			buildSettings = {
				ALWAYS_SEARCH_USER_PATHS = NO;
				CLANG_ANALYZER_NONNULL = YES;
				CLANG_ANALYZER_NUMBER_OBJECT_CONVERSION = YES_AGGRESSIVE;
				CLANG_CXX_LANGUAGE_STANDARD = "gnu++14";
				CLANG_CXX_LIBRARY = "libc++";
				CLANG_ENABLE_MODULES = YES;
				CLANG_ENABLE_OBJC_ARC = YES;
				CLANG_ENABLE_OBJC_WEAK = YES;
				CLANG_WARN_BLOCK_CAPTURE_AUTORELEASING = YES;
				CLANG_WARN_BOOL_CONVERSION = YES;
				CLANG_WARN_COMMA = YES;
				CLANG_WARN_CONSTANT_CONVERSION = YES;
				CLANG_WARN_DEPRECATED_OBJC_IMPLEMENTATIONS = YES;
				CLANG_WARN_DIRECT_OBJC_ISA_USAGE = YES_ERROR;
				CLANG_WARN_DOCUMENTATION_COMMENTS = YES;
				CLANG_WARN_EMPTY_BODY = YES;
				CLANG_WARN_ENUM_CONVERSION = YES;
				CLANG_WARN_INFINITE_RECURSION = YES;
				CLANG_WARN_INT_CONVERSION = YES;
				CLANG_WARN_NON_LITERAL_NULL_CONVERSION = YES;
				CLANG_WARN_OBJC_IMPLICIT_RETAIN_SELF = YES;
				CLANG_WARN_OBJC_LITERAL_CONVERSION = YES;
				CLANG_WARN_OBJC_ROOT_CLASS = YES_ERROR;
				CLANG_WARN_QUOTED_INCLUDE_IN_FRAMEWORK_HEADER = YES;
				CLANG_WARN_RANGE_LOOP_ANALYSIS = YES;
				CLANG_WARN_STRICT_PROTOTYPES = YES;
				CLANG_WARN_SUSPICIOUS_MOVE = YES;
				CLANG_WARN_UNGUARDED_AVAILABILITY = YES_AGGRESSIVE;
				CLANG_WARN_UNREACHABLE_CODE = YES;
				CLANG_WARN__DUPLICATE_METHOD_MATCH = YES;
				COPY_PHASE_STRIP = NO;
				DEBUG_INFORMATION_FORMAT = dwarf;
				ENABLE_STRICT_OBJC_MSGSEND = YES;
				ENABLE_TESTABILITY = YES;
				GCC_C_LANGUAGE_STANDARD = gnu11;
				GCC_DYNAMIC_NO_PIC = NO;
				GCC_NO_COMMON_BLOCKS = YES;
				GCC_OPTIMIZATION_LEVEL = 0;
				GCC_PREPROCESSOR_DEFINITIONS = (
					"DEBUG=1",
					"$(inherited)",
				);
				GCC_WARN_64_TO_32_BIT_CONVERSION = YES;
				GCC_WARN_ABOUT_RETURN_TYPE = YES_ERROR;
				GCC_WARN_UNDECLARED_SELECTOR = YES;
				GCC_WARN_UNINITIALIZED_AUTOS = YES_AGGRESSIVE;
				GCC_WARN_UNUSED_FUNCTION = YES;
				GCC_WARN_UNUSED_VARIABLE = YES;
				IPHONEOS_DEPLOYMENT_TARGET = 14.0;
				MTL_ENABLE_DEBUG_INFO = INCLUDE_SOURCE;
				MTL_FAST_MATH = YES;
				ONLY_ACTIVE_ARCH = YES;
				SDKROOT = iphoneos;
				SWIFT_ACTIVE_COMPILATION_CONDITIONS = DEBUG;
				SWIFT_OPTIMIZATION_LEVEL = "-Onone";
			};
			name = Debug;
		};
		701DC4272540161900A52FD2 /* Release */ = {
			isa = XCBuildConfiguration;
			buildSettings = {
				ALWAYS_SEARCH_USER_PATHS = NO;
				CLANG_ANALYZER_NONNULL = YES;
				CLANG_ANALYZER_NUMBER_OBJECT_CONVERSION = YES_AGGRESSIVE;
				CLANG_CXX_LANGUAGE_STANDARD = "gnu++14";
				CLANG_CXX_LIBRARY = "libc++";
				CLANG_ENABLE_MODULES = YES;
				CLANG_ENABLE_OBJC_ARC = YES;
				CLANG_ENABLE_OBJC_WEAK = YES;
				CLANG_WARN_BLOCK_CAPTURE_AUTORELEASING = YES;
				CLANG_WARN_BOOL_CONVERSION = YES;
				CLANG_WARN_COMMA = YES;
				CLANG_WARN_CONSTANT_CONVERSION = YES;
				CLANG_WARN_DEPRECATED_OBJC_IMPLEMENTATIONS = YES;
				CLANG_WARN_DIRECT_OBJC_ISA_USAGE = YES_ERROR;
				CLANG_WARN_DOCUMENTATION_COMMENTS = YES;
				CLANG_WARN_EMPTY_BODY = YES;
				CLANG_WARN_ENUM_CONVERSION = YES;
				CLANG_WARN_INFINITE_RECURSION = YES;
				CLANG_WARN_INT_CONVERSION = YES;
				CLANG_WARN_NON_LITERAL_NULL_CONVERSION = YES;
				CLANG_WARN_OBJC_IMPLICIT_RETAIN_SELF = YES;
				CLANG_WARN_OBJC_LITERAL_CONVERSION = YES;
				CLANG_WARN_OBJC_ROOT_CLASS = YES_ERROR;
				CLANG_WARN_QUOTED_INCLUDE_IN_FRAMEWORK_HEADER = YES;
				CLANG_WARN_RANGE_LOOP_ANALYSIS = YES;
				CLANG_WARN_STRICT_PROTOTYPES = YES;
				CLANG_WARN_SUSPICIOUS_MOVE = YES;
				CLANG_WARN_UNGUARDED_AVAILABILITY = YES_AGGRESSIVE;
				CLANG_WARN_UNREACHABLE_CODE = YES;
				CLANG_WARN__DUPLICATE_METHOD_MATCH = YES;
				COPY_PHASE_STRIP = NO;
				DEBUG_INFORMATION_FORMAT = "dwarf-with-dsym";
				ENABLE_NS_ASSERTIONS = NO;
				ENABLE_STRICT_OBJC_MSGSEND = YES;
				GCC_C_LANGUAGE_STANDARD = gnu11;
				GCC_NO_COMMON_BLOCKS = YES;
				GCC_WARN_64_TO_32_BIT_CONVERSION = YES;
				GCC_WARN_ABOUT_RETURN_TYPE = YES_ERROR;
				GCC_WARN_UNDECLARED_SELECTOR = YES;
				GCC_WARN_UNINITIALIZED_AUTOS = YES_AGGRESSIVE;
				GCC_WARN_UNUSED_FUNCTION = YES;
				GCC_WARN_UNUSED_VARIABLE = YES;
				IPHONEOS_DEPLOYMENT_TARGET = 14.0;
				MTL_ENABLE_DEBUG_INFO = NO;
				MTL_FAST_MATH = YES;
				SDKROOT = iphoneos;
				SWIFT_COMPILATION_MODE = wholemodule;
				SWIFT_OPTIMIZATION_LEVEL = "-O";
				VALIDATE_PRODUCT = YES;
			};
			name = Release;
		};
		701DC4292540161900A52FD2 /* Debug */ = {
			isa = XCBuildConfiguration;
			buildSettings = {
				ASSETCATALOG_COMPILER_APPICON_NAME = AppIcon;
				ASSETCATALOG_COMPILER_GLOBAL_ACCENT_COLOR_NAME = AccentColor;
				CODE_SIGN_STYLE = Automatic;
				DEVELOPMENT_TEAM = YL49D2HU6K;
				INFOPLIST_FILE = LZCameraReferenceLineDemo/Info.plist;
				IPHONEOS_DEPLOYMENT_TARGET = 11.0;
				LD_RUNPATH_SEARCH_PATHS = (
					"$(inherited)",
					"@executable_path/Frameworks",
				);
				PRODUCT_BUNDLE_IDENTIFIER = com.lz.referenceline;
				PRODUCT_NAME = "$(TARGET_NAME)";
				SWIFT_VERSION = 5.0;
				TARGETED_DEVICE_FAMILY = "1,2";
			};
			name = Debug;
		};
		701DC42A2540161900A52FD2 /* Release */ = {
			isa = XCBuildConfiguration;
			buildSettings = {
				ASSETCATALOG_COMPILER_APPICON_NAME = AppIcon;
				ASSETCATALOG_COMPILER_GLOBAL_ACCENT_COLOR_NAME = AccentColor;
				CODE_SIGN_STYLE = Automatic;
				DEVELOPMENT_TEAM = YL49D2HU6K;
				INFOPLIST_FILE = LZCameraReferenceLineDemo/Info.plist;
				IPHONEOS_DEPLOYMENT_TARGET = 11.0;
				LD_RUNPATH_SEARCH_PATHS = (
					"$(inherited)",
					"@executable_path/Frameworks",
				);
				PRODUCT_BUNDLE_IDENTIFIER = com.lz.referenceline;
				PRODUCT_NAME = "$(TARGET_NAME)";
				SWIFT_VERSION = 5.0;
				TARGETED_DEVICE_FAMILY = "1,2";
			};
			name = Release;
		};
		701DC42C2540161900A52FD2 /* Debug */ = {
			isa = XCBuildConfiguration;
			buildSettings = {
				ALWAYS_EMBED_SWIFT_STANDARD_LIBRARIES = YES;
				BUNDLE_LOADER = "$(TEST_HOST)";
				CODE_SIGN_STYLE = Automatic;
				INFOPLIST_FILE = LZCameraReferenceLineDemoTests/Info.plist;
				IPHONEOS_DEPLOYMENT_TARGET = 14.0;
				LD_RUNPATH_SEARCH_PATHS = (
					"$(inherited)",
					"@executable_path/Frameworks",
					"@loader_path/Frameworks",
				);
				PRODUCT_BUNDLE_IDENTIFIER = com.lzw.LZCameraReferenceLineDemoTests;
				PRODUCT_NAME = "$(TARGET_NAME)";
				SWIFT_VERSION = 5.0;
				TARGETED_DEVICE_FAMILY = "1,2";
				TEST_HOST = "$(BUILT_PRODUCTS_DIR)/LZCameraReferenceLineDemo.app/LZCameraReferenceLineDemo";
			};
			name = Debug;
		};
		701DC42D2540161900A52FD2 /* Release */ = {
			isa = XCBuildConfiguration;
			buildSettings = {
				ALWAYS_EMBED_SWIFT_STANDARD_LIBRARIES = YES;
				BUNDLE_LOADER = "$(TEST_HOST)";
				CODE_SIGN_STYLE = Automatic;
				INFOPLIST_FILE = LZCameraReferenceLineDemoTests/Info.plist;
				IPHONEOS_DEPLOYMENT_TARGET = 14.0;
				LD_RUNPATH_SEARCH_PATHS = (
					"$(inherited)",
					"@executable_path/Frameworks",
					"@loader_path/Frameworks",
				);
				PRODUCT_BUNDLE_IDENTIFIER = com.lzw.LZCameraReferenceLineDemoTests;
				PRODUCT_NAME = "$(TARGET_NAME)";
				SWIFT_VERSION = 5.0;
				TARGETED_DEVICE_FAMILY = "1,2";
				TEST_HOST = "$(BUILT_PRODUCTS_DIR)/LZCameraReferenceLineDemo.app/LZCameraReferenceLineDemo";
			};
			name = Release;
		};
		701DC42F2540161900A52FD2 /* Debug */ = {
			isa = XCBuildConfiguration;
			buildSettings = {
				ALWAYS_EMBED_SWIFT_STANDARD_LIBRARIES = YES;
				CODE_SIGN_STYLE = Automatic;
				INFOPLIST_FILE = LZCameraReferenceLineDemoUITests/Info.plist;
				LD_RUNPATH_SEARCH_PATHS = (
					"$(inherited)",
					"@executable_path/Frameworks",
					"@loader_path/Frameworks",
				);
				PRODUCT_BUNDLE_IDENTIFIER = com.lzw.LZCameraReferenceLineDemoUITests;
				PRODUCT_NAME = "$(TARGET_NAME)";
				SWIFT_VERSION = 5.0;
				TARGETED_DEVICE_FAMILY = "1,2";
				TEST_TARGET_NAME = LZCameraReferenceLineDemo;
			};
			name = Debug;
		};
		701DC4302540161900A52FD2 /* Release */ = {
			isa = XCBuildConfiguration;
			buildSettings = {
				ALWAYS_EMBED_SWIFT_STANDARD_LIBRARIES = YES;
				CODE_SIGN_STYLE = Automatic;
				INFOPLIST_FILE = LZCameraReferenceLineDemoUITests/Info.plist;
				LD_RUNPATH_SEARCH_PATHS = (
					"$(inherited)",
					"@executable_path/Frameworks",
					"@loader_path/Frameworks",
				);
				PRODUCT_BUNDLE_IDENTIFIER = com.lzw.LZCameraReferenceLineDemoUITests;
				PRODUCT_NAME = "$(TARGET_NAME)";
				SWIFT_VERSION = 5.0;
				TARGETED_DEVICE_FAMILY = "1,2";
				TEST_TARGET_NAME = LZCameraReferenceLineDemo;
			};
			name = Release;
		};
/* End XCBuildConfiguration section */

/* Begin XCConfigurationList section */
		701DC3F92540161300A52FD2 /* Build configuration list for PBXProject "LZCameraReferenceLineDemo" */ = {
			isa = XCConfigurationList;
			buildConfigurations = (
				701DC4262540161900A52FD2 /* Debug */,
				701DC4272540161900A52FD2 /* Release */,
			);
			defaultConfigurationIsVisible = 0;
			defaultConfigurationName = Release;
		};
		701DC4282540161900A52FD2 /* Build configuration list for PBXNativeTarget "LZCameraReferenceLineDemo" */ = {
			isa = XCConfigurationList;
			buildConfigurations = (
				701DC4292540161900A52FD2 /* Debug */,
				701DC42A2540161900A52FD2 /* Release */,
			);
			defaultConfigurationIsVisible = 0;
			defaultConfigurationName = Release;
		};
		701DC42B2540161900A52FD2 /* Build configuration list for PBXNativeTarget "LZCameraReferenceLineDemoTests" */ = {
			isa = XCConfigurationList;
			buildConfigurations = (
				701DC42C2540161900A52FD2 /* Debug */,
				701DC42D2540161900A52FD2 /* Release */,
			);
			defaultConfigurationIsVisible = 0;
			defaultConfigurationName = Release;
		};
		701DC42E2540161900A52FD2 /* Build configuration list for PBXNativeTarget "LZCameraReferenceLineDemoUITests" */ = {
			isa = XCConfigurationList;
			buildConfigurations = (
				701DC42F2540161900A52FD2 /* Debug */,
				701DC4302540161900A52FD2 /* Release */,
			);
			defaultConfigurationIsVisible = 0;
			defaultConfigurationName = Release;
		};
/* End XCConfigurationList section */
	};
	rootObject = 701DC3F62540161200A52FD2 /* Project object */;
}
